// !$*UTF8*$!
{
	archiveVersion = 1;
	classes = {
	};
	objectVersion = 46;
	objects = {

/* Begin PBXBuildFile section */
		DE08927D1DEC9B02006D4FEC /* btn.wav in Resources */ = {isa = PBXBuildFile; fileRef = DE08927C1DEC9B02006D4FEC /* btn.wav */; };
		DEA8DED51DECD6C100564BFF /* LaunchScreen.storyboard in Resources */ = {isa = PBXBuildFile; fileRef = DEA8DED41DECD6C100564BFF /* LaunchScreen.storyboard */; };
		DEECCA361DEB57CA00D3C415 /* AppDelegate.swift in Sources */ = {isa = PBXBuildFile; fileRef = DEECCA351DEB57CA00D3C415 /* AppDelegate.swift */; };
		DEECCA381DEB57CA00D3C415 /* ViewController.swift in Sources */ = {isa = PBXBuildFile; fileRef = DEECCA371DEB57CA00D3C415 /* ViewController.swift */; };
		DEECCA3B1DEB57CA00D3C415 /* Main.storyboard in Resources */ = {isa = PBXBuildFile; fileRef = DEECCA391DEB57CA00D3C415 /* Main.storyboard */; };
		DEECCA3D1DEB57CA00D3C415 /* Assets.xcassets in Resources */ = {isa = PBXBuildFile; fileRef = DEECCA3C1DEB57CA00D3C415 /* Assets.xcassets */; };
		DEECCA481DEB684B00D3C415 /* Minecraft.ttf in Resources */ = {isa = PBXBuildFile; fileRef = DEECCA471DEB684B00D3C415 /* Minecraft.ttf */; };
/* End PBXBuildFile section */

/* Begin PBXFileReference section */
		DE08927C1DEC9B02006D4FEC /* btn.wav */ = {isa = PBXFileReference; lastKnownFileType = audio.wav; path = btn.wav; sourceTree = "<group>"; };
		DEA8DED41DECD6C100564BFF /* LaunchScreen.storyboard */ = {isa = PBXFileReference; fileEncoding = 4; lastKnownFileType = file.storyboard; path = LaunchScreen.storyboard; sourceTree = "<group>"; };
		DEECCA321DEB57CA00D3C415 /* retro-calculator.app */ = {isa = PBXFileReference; explicitFileType = wrapper.application; includeInIndex = 0; path = "retro-calculator.app"; sourceTree = BUILT_PRODUCTS_DIR; };
		DEECCA351DEB57CA00D3C415 /* AppDelegate.swift */ = {isa = PBXFileReference; lastKnownFileType = sourcecode.swift; path = AppDelegate.swift; sourceTree = "<group>"; };
		DEECCA371DEB57CA00D3C415 /* ViewController.swift */ = {isa = PBXFileReference; lastKnownFileType = sourcecode.swift; path = ViewController.swift; sourceTree = "<group>"; };
		DEECCA3A1DEB57CA00D3C415 /* Base */ = {isa = PBXFileReference; lastKnownFileType = file.storyboard; name = Base; path = Base.lproj/Main.storyboard; sourceTree = "<group>"; };
		DEECCA3C1DEB57CA00D3C415 /* Assets.xcassets */ = {isa = PBXFileReference; lastKnownFileType = folder.assetcatalog; path = Assets.xcassets; sourceTree = "<group>"; };
		DEECCA411DEB57CA00D3C415 /* Info.plist */ = {isa = PBXFileReference; lastKnownFileType = text.plist.xml; path = Info.plist; sourceTree = "<group>"; };
		DEECCA471DEB684B00D3C415 /* Minecraft.ttf */ = {isa = PBXFileReference; lastKnownFileType = file; path = Minecraft.ttf; sourceTree = "<group>"; };
/* End PBXFileReference section */

/* Begin PBXFrameworksBuildPhase section */
		DEECCA2F1DEB57C900D3C415 /* Frameworks */ = {
			isa = PBXFrameworksBuildPhase;
			buildActionMask = 2147483647;
			files = (
			);
			runOnlyForDeploymentPostprocessing = 0;
		};
/* End PBXFrameworksBuildPhase section */

/* Begin PBXGroup section */
		DEECCA291DEB57C900D3C415 = {
			isa = PBXGroup;
			children = (
				DEECCA341DEB57CA00D3C415 /* retro-calculator */,
				DEECCA331DEB57CA00D3C415 /* Products */,
			);
			sourceTree = "<group>";
		};
		DEECCA331DEB57CA00D3C415 /* Products */ = {
			isa = PBXGroup;
			children = (
				DEECCA321DEB57CA00D3C415 /* retro-calculator.app */,
			);
			name = Products;
			sourceTree = "<group>";
		};
		DEECCA341DEB57CA00D3C415 /* retro-calculator */ = {
			isa = PBXGroup;
			children = (
				DEA8DED41DECD6C100564BFF /* LaunchScreen.storyboard */,
				DEECCA351DEB57CA00D3C415 /* AppDelegate.swift */,
				DEECCA371DEB57CA00D3C415 /* ViewController.swift */,
				DEECCA391DEB57CA00D3C415 /* Main.storyboard */,
				DEECCA471DEB684B00D3C415 /* Minecraft.ttf */,
				DE08927C1DEC9B02006D4FEC /* btn.wav */,
				DEECCA3C1DEB57CA00D3C415 /* Assets.xcassets */,
				DEECCA411DEB57CA00D3C415 /* Info.plist */,
			);
			path = "retro-calculator";
			sourceTree = "<group>";
		};
/* End PBXGroup section */

/* Begin PBXNativeTarget section */
		DEECCA311DEB57C900D3C415 /* retro-calculator */ = {
			isa = PBXNativeTarget;
			buildConfigurationList = DEECCA441DEB57CA00D3C415 /* Build configuration list for PBXNativeTarget "retro-calculator" */;
			buildPhases = (
				DEECCA2E1DEB57C900D3C415 /* Sources */,
				DEECCA2F1DEB57C900D3C415 /* Frameworks */,
				DEECCA301DEB57C900D3C415 /* Resources */,
			);
			buildRules = (
			);
			dependencies = (
			);
			name = "retro-calculator";
			productName = "retro-calculator";
			productReference = DEECCA321DEB57CA00D3C415 /* retro-calculator.app */;
			productType = "com.apple.product-type.application";
		};
/* End PBXNativeTarget section */

/* Begin PBXProject section */
		DEECCA2A1DEB57C900D3C415 /* Project object */ = {
			isa = PBXProject;
			attributes = {
				LastSwiftUpdateCheck = 0810;
				LastUpgradeCheck = 0810;
				ORGANIZATIONNAME = "Eduardo Chiaro";
				TargetAttributes = {
					DEECCA311DEB57C900D3C415 = {
						CreatedOnToolsVersion = 8.1;
						DevelopmentTeam = E5SWLPU3LR;
						ProvisioningStyle = Automatic;
					};
				};
			};
			buildConfigurationList = DEECCA2D1DEB57C900D3C415 /* Build configuration list for PBXProject "retro-calculator" */;
			compatibilityVersion = "Xcode 3.2";
			developmentRegion = English;
			hasScannedForEncodings = 0;
			knownRegions = (
				en,
				Base,
			);
			mainGroup = DEECCA291DEB57C900D3C415;
			productRefGroup = DEECCA331DEB57CA00D3C415 /* Products */;
			projectDirPath = "";
			projectRoot = "";
			targets = (
				DEECCA311DEB57C900D3C415 /* retro-calculator */,
			);
		};
/* End PBXProject section */

/* Begin PBXResourcesBuildPhase section */
		DEECCA301DEB57C900D3C415 /* Resources */ = {
			isa = PBXResourcesBuildPhase;
			buildActionMask = 2147483647;
			files = (
				DE08927D1DEC9B02006D4FEC /* btn.wav in Resources */,
				DEECCA3D1DEB57CA00D3C415 /* Assets.xcassets in Resources */,
				DEECCA481DEB684B00D3C415 /* Minecraft.ttf in Resources */,
				DEA8DED51DECD6C100564BFF /* LaunchScreen.storyboard in Resources */,
				DEECCA3B1DEB57CA00D3C415 /* Main.storyboard in Resources */,
			);
			runOnlyForDeploymentPostprocessing = 0;
		};
/* End PBXResourcesBuildPhase section */

/* Begin PBXSourcesBuildPhase section */
		DEECCA2E1DEB57C900D3C415 /* Sources */ = {
			isa = PBXSourcesBuildPhase;
			buildActionMask = 2147483647;
			files = (
				DEECCA381DEB57CA00D3C415 /* ViewController.swift in Sources */,
				DEECCA361DEB57CA00D3C415 /* AppDelegate.swift in Sources */,
			);
			runOnlyForDeploymentPostprocessing = 0;
		};
/* End PBXSourcesBuildPhase section */

/* Begin PBXVariantGroup section */
		DEECCA391DEB57CA00D3C415 /* Main.storyboard */ = {
			isa = PBXVariantGroup;
			children = (
				DEECCA3A1DEB57CA00D3C415 /* Base */,
			);
			name = Main.storyboard;
			sourceTree = "<group>";
		};
/* End PBXVariantGroup section */

/* Begin XCBuildConfiguration section */
		DEECCA421DEB57CA00D3C415 /* Debug */ = {
			isa = XCBuildConfiguration;
			buildSettings = {
				ALWAYS_SEARCH_USER_PATHS = NO;
				CLANG_ANALYZER_NONNULL = YES;
				CLANG_CXX_LANGUAGE_STANDARD = "gnu++0x";
				CLANG_CXX_LIBRARY = "libc++";
				CLANG_ENABLE_MODULES = YES;
				CLANG_ENABLE_OBJC_ARC = YES;
				CLANG_WARN_BOOL_CONVERSION = YES;
				CLANG_WARN_CONSTANT_CONVERSION = YES;
				CLANG_WARN_DIRECT_OBJC_ISA_USAGE = YES_ERROR;
				CLANG_WARN_DOCUMENTATION_COMMENTS = YES;
				CLANG_WARN_EMPTY_BODY = YES;
				CLANG_WARN_ENUM_CONVERSION = YES;
				CLANG_WARN_INFINITE_RECURSION = YES;
				CLANG_WARN_INT_CONVERSION = YES;
				CLANG_WARN_OBJC_ROOT_CLASS = YES_ERROR;
				CLANG_WARN_SUSPICIOUS_MOVES = YES;
				CLANG_WARN_UNREACHABLE_CODE = YES;
				CLANG_WARN__DUPLICATE_METHOD_MATCH = YES;
				"CODE_SIGN_IDENTITY[sdk=iphoneos*]" = "iPhone Developer";
				COPY_PHASE_STRIP = NO;
				DEBUG_INFORMATION_FORMAT = dwarf;
				ENABLE_STRICT_OBJC_MSGSEND = YES;
				ENABLE_TESTABILITY = YES;
				GCC_C_LANGUAGE_STANDARD = gnu99;
				GCC_DYNAMIC_NO_PIC = NO;
				GCC_NO_COMMON_BLOCKS = YES;
				GCC_OPTIMIZATION_LEVEL = 0;
				GCC_PREPROCESSOR_DEFINITIONS = (
					"DEBUG=1",
					"$(inherited)",
				);
				GCC_WARN_64_TO_32_BIT_CONVERSION = YES;
				GCC_WARN_ABOUT_RETURN_TYPE = YES_ERROR;
				GCC_WARN_UNDECLARED_SELECTOR = YES;
				GCC_WARN_UNINITIALIZED_AUTOS = YES_AGGRESSIVE;
				GCC_WARN_UNUSED_FUNCTION = YES;
				GCC_WARN_UNUSED_VARIABLE = YES;
				IPHONEOS_DEPLOYMENT_TARGET = 10.1;
				MTL_ENABLE_DEBUG_INFO = YES;
				ONLY_ACTIVE_ARCH = YES;
				SDKROOT = iphoneos;
				SWIFT_ACTIVE_COMPILATION_CONDITIONS = DEBUG;
				SWIFT_OPTIMIZATION_LEVEL = "-Onone";
			};
			name = Debug;
		};
		DEECCA431DEB57CA00D3C415 /* Release */ = {
			isa = XCBuildConfiguration;
			buildSettings = {
				ALWAYS_SEARCH_USER_PATHS = NO;
				CLANG_ANALYZER_NONNULL = YES;
				CLANG_CXX_LANGUAGE_STANDARD = "gnu++0x";
				CLANG_CXX_LIBRARY = "libc++";
				CLANG_ENABLE_MODULES = YES;
				CLANG_ENABLE_OBJC_ARC = YES;
				CLANG_WARN_BOOL_CONVERSION = YES;
				CLANG_WARN_CONSTANT_CONVERSION = YES;
				CLANG_WARN_DIRECT_OBJC_ISA_USAGE = YES_ERROR;
				CLANG_WARN_DOCUMENTATION_COMMENTS = YES;
				CLANG_WARN_EMPTY_BODY = YES;
				CLANG_WARN_ENUM_CONVERSION = YES;
				CLANG_WARN_INFINITE_RECURSION = YES;
				CLANG_WARN_INT_CONVERSION = YES;
				CLANG_WARN_OBJC_ROOT_CLASS = YES_ERROR;
				CLANG_WARN_SUSPICIOUS_MOVES = YES;
				CLANG_WARN_UNREACHABLE_CODE = YES;
				CLANG_WARN__DUPLICATE_METHOD_MATCH = YES;
				"CODE_SIGN_IDENTITY[sdk=iphoneos*]" = "iPhone Developer";
				COPY_PHASE_STRIP = NO;
				DEBUG_INFORMATION_FORMAT = "dwarf-with-dsym";
				ENABLE_NS_ASSERTIONS = NO;
				ENABLE_STRICT_OBJC_MSGSEND = YES;
				GCC_C_LANGUAGE_STANDARD = gnu99;
				GCC_NO_COMMON_BLOCKS = YES;
				GCC_WARN_64_TO_32_BIT_CONVERSION = YES;
				GCC_WARN_ABOUT_RETURN_TYPE = YES_ERROR;
				GCC_WARN_UNDECLARED_SELECTOR = YES;
				GCC_WARN_UNINITIALIZED_AUTOS = YES_AGGRESSIVE;
				GCC_WARN_UNUSED_FUNCTION = YES;
				GCC_WARN_UNUSED_VARIABLE = YES;
				IPHONEOS_DEPLOYMENT_TARGET = 10.1;
				MTL_ENABLE_DEBUG_INFO = NO;
				SDKROOT = iphoneos;
				SWIFT_OPTIMIZATION_LEVEL = "-Owholemodule";
				VALIDATE_PRODUCT = YES;
			};
			name = Release;
		};
		DEECCA451DEB57CA00D3C415 /* Debug */ = {
			isa = XCBuildConfiguration;
			buildSettings = {
				ASSETCATALOG_COMPILER_APPICON_NAME = AppIcon;
				DEVELOPMENT_TEAM = E5SWLPU3LR;
				INFOPLIST_FILE = "retro-calculator/Info.plist";
				IPHONEOS_DEPLOYMENT_TARGET = 9.0;
				LD_RUNPATH_SEARCH_PATHS = "$(inherited) @executable_path/Frameworks";
				PRODUCT_BUNDLE_IDENTIFIER = "eduardochiaro.retro-calculator";
				PRODUCT_NAME = "$(TARGET_NAME)";
				SWIFT_VERSION = 3.0;
			};
			name = Debug;
		};
		DEECCA461DEB57CA00D3C415 /* Release */ = {
			isa = XCBuildConfiguration;
			buildSettings = {
				ASSETCATALOG_COMPILER_APPICON_NAME = AppIcon;
				DEVELOPMENT_TEAM = E5SWLPU3LR;
				INFOPLIST_FILE = "retro-calculator/Info.plist";
				IPHONEOS_DEPLOYMENT_TARGET = 9.0;
				LD_RUNPATH_SEARCH_PATHS = "$(inherited) @executable_path/Frameworks";
				PRODUCT_BUNDLE_IDENTIFIER = "eduardochiaro.retro-calculator";
				PRODUCT_NAME = "$(TARGET_NAME)";
				SWIFT_VERSION = 3.0;
			};
			name = Release;
		};
/* End XCBuildConfiguration section */

/* Begin XCConfigurationList section */
		DEECCA2D1DEB57C900D3C415 /* Build configuration list for PBXProject "retro-calculator" */ = {
			isa = XCConfigurationList;
			buildConfigurations = (
				DEECCA421DEB57CA00D3C415 /* Debug */,
				DEECCA431DEB57CA00D3C415 /* Release */,
			);
			defaultConfigurationIsVisible = 0;
			defaultConfigurationName = Release;
		};
		DEECCA441DEB57CA00D3C415 /* Build configuration list for PBXNativeTarget "retro-calculator" */ = {
			isa = XCConfigurationList;
			buildConfigurations = (
				DEECCA451DEB57CA00D3C415 /* Debug */,
				DEECCA461DEB57CA00D3C415 /* Release */,
			);
			defaultConfigurationIsVisible = 0;
			defaultConfigurationName = Release;
		};
/* End XCConfigurationList section */
	};
	rootObject = DEECCA2A1DEB57C900D3C415 /* Project object */;
}
